
Microsoft Visual Studio Solution File, Format Version 12.00
# Visual Studio Version 17
VisualStudioVersion = 17.4.33205.214
MinimumVisualStudioVersion = 10.0.40219.1
Project("{FAE04EC0-301F-11D3-BF4B-00C04F79EFBC}") = "coffeshop", "coffeshop\coffeshop.csproj", "{D7C422B8-7788-45ED-90D1-48F17691EB5F}"
EndProject
Global
	GlobalSection(SolutionConfigurationPlatforms) = preSolution
		Debug|Any CPU = Debug|Any CPU
		Release|Any CPU = Release|Any CPU
	EndGlobalSection
	GlobalSection(ProjectConfigurationPlatforms) = postSolution
		{D7C422B8-7788-45ED-90D1-48F17691EB5F}.Debug|Any CPU.ActiveCfg = Debug|Any CPU
		{D7C422B8-7788-45ED-90D1-48F17691EB5F}.Debug|Any CPU.Build.0 = Debug|Any CPU
		{D7C422B8-7788-45ED-90D1-48F17691EB5F}.Release|Any CPU.ActiveCfg = Release|Any CPU
		{D7C422B8-7788-45ED-90D1-48F17691EB5F}.Release|Any CPU.Build.0 = Release|Any CPU
	EndGlobalSection
	GlobalSection(SolutionProperties) = preSolution
		HideSolutionNode = FALSE
	EndGlobalSection
	GlobalSection(ExtensibilityGlobals) = postSolution
		SolutionGuid = {ACB246B2-5443-45AE-974E-D7E0FA19F63C}
	EndGlobalSection
EndGlobal
